
Microsoft Visual Studio Solution File, Format Version 12.00
# Visual Studio Version 16
VisualStudioVersion = 16.0.31729.503
MinimumVisualStudioVersion = 10.0.40219.1
Project("{FAE04EC0-301F-11D3-BF4B-00C04F79EFBC}") = "Presentation", "Presentation\Presentation.csproj", "{DA5F5958-EDF9-4654-8E8B-B5763951BABF}"
EndProject
Project("{FAE04EC0-301F-11D3-BF4B-00C04F79EFBC}") = "Application", "Application\Application.csproj", "{F06A236E-E5C1-48E5-89F1-91B40FD8FFF6}"
EndProject
Project("{FAE04EC0-301F-11D3-BF4B-00C04F79EFBC}") = "Domain", "Domain\Domain.csproj", "{DEFFFFE8-DC5B-42F4-BEB0-94920FDA7712}"
EndProject
Project("{FAE04EC0-301F-11D3-BF4B-00C04F79EFBC}") = "Persistence", "Persistence\Persistence.csproj", "{8EC55CA3-D78D-4112-B651-EDBA549D660E}"
EndProject
Project("{FAE04EC0-301F-11D3-BF4B-00C04F79EFBC}") = "Infrastructure", "Infrastructure\Infrastructure.csproj", "{1134A2E4-C112-46EC-9618-049D70960341}"
EndProject
Project("{FAE04EC0-301F-11D3-BF4B-00C04F79EFBC}") = "Common", "Common\Common.csproj", "{D7CE4D23-9D31-4D46-A250-2A6FA76E6CEA}"
EndProject
Project("{FAE04EC0-301F-11D3-BF4B-00C04F79EFBC}") = "Specification", "Specification\Specification.csproj", "{F4074F53-2BF8-49A5-A537-1AFBB7BA8569}"
EndProject
Project("{FAE04EC0-301F-11D3-BF4B-00C04F79EFBC}") = "Service", "Service\Service.csproj", "{9869C64F-344E-4C8C-B651-74972FACC8BD}"
EndProject
Project("{2150E333-8FDC-42A3-9474-1A3956D46DE8}") = "0", "0", "{444FA1AD-AFDB-44C5-AF64-F29A4D1EDC8B}"
EndProject
Project("{2150E333-8FDC-42A3-9474-1A3956D46DE8}") = "1", "1", "{F4EE1321-7605-4105-8DDF-1F5A48DF45A1}"
EndProject
Project("{2150E333-8FDC-42A3-9474-1A3956D46DE8}") = "2", "2", "{6184D118-130F-47BC-879A-E46E33C7AF00}"
EndProject
Project("{2150E333-8FDC-42A3-9474-1A3956D46DE8}") = "3", "3", "{20013A98-F3A6-4810-80B5-939EFACFC075}"
EndProject
Project("{2150E333-8FDC-42A3-9474-1A3956D46DE8}") = "4", "4", "{9732E690-3910-46AC-A481-D1D6533F0D85}"
EndProject
Project("{FAE04EC0-301F-11D3-BF4B-00C04F79EFBC}") = "SpecFlowMaster", "SpecFlowMaster\SpecFlowMaster.csproj", "{B1EF2806-033C-4FD6-B8D1-72C61CAE370A}"
EndProject
Global
	GlobalSection(SolutionConfigurationPlatforms) = preSolution
		Debug|Any CPU = Debug|Any CPU
		Release|Any CPU = Release|Any CPU
	EndGlobalSection
	GlobalSection(ProjectConfigurationPlatforms) = postSolution
		{DA5F5958-EDF9-4654-8E8B-B5763951BABF}.Debug|Any CPU.ActiveCfg = Debug|Any CPU
		{DA5F5958-EDF9-4654-8E8B-B5763951BABF}.Debug|Any CPU.Build.0 = Debug|Any CPU
		{DA5F5958-EDF9-4654-8E8B-B5763951BABF}.Release|Any CPU.ActiveCfg = Release|Any CPU
		{DA5F5958-EDF9-4654-8E8B-B5763951BABF}.Release|Any CPU.Build.0 = Release|Any CPU
		{F06A236E-E5C1-48E5-89F1-91B40FD8FFF6}.Debug|Any CPU.ActiveCfg = Debug|Any CPU
		{F06A236E-E5C1-48E5-89F1-91B40FD8FFF6}.Debug|Any CPU.Build.0 = Debug|Any CPU
		{F06A236E-E5C1-48E5-89F1-91B40FD8FFF6}.Release|Any CPU.ActiveCfg = Release|Any CPU
		{F06A236E-E5C1-48E5-89F1-91B40FD8FFF6}.Release|Any CPU.Build.0 = Release|Any CPU
		{DEFFFFE8-DC5B-42F4-BEB0-94920FDA7712}.Debug|Any CPU.ActiveCfg = Debug|Any CPU
		{DEFFFFE8-DC5B-42F4-BEB0-94920FDA7712}.Debug|Any CPU.Build.0 = Debug|Any CPU
		{DEFFFFE8-DC5B-42F4-BEB0-94920FDA7712}.Release|Any CPU.ActiveCfg = Release|Any CPU
		{DEFFFFE8-DC5B-42F4-BEB0-94920FDA7712}.Release|Any CPU.Build.0 = Release|Any CPU
		{8EC55CA3-D78D-4112-B651-EDBA549D660E}.Debug|Any CPU.ActiveCfg = Debug|Any CPU
		{8EC55CA3-D78D-4112-B651-EDBA549D660E}.Debug|Any CPU.Build.0 = Debug|Any CPU
		{8EC55CA3-D78D-4112-B651-EDBA549D660E}.Release|Any CPU.ActiveCfg = Release|Any CPU
		{8EC55CA3-D78D-4112-B651-EDBA549D660E}.Release|Any CPU.Build.0 = Release|Any CPU
		{1134A2E4-C112-46EC-9618-049D70960341}.Debug|Any CPU.ActiveCfg = Debug|Any CPU
		{1134A2E4-C112-46EC-9618-049D70960341}.Debug|Any CPU.Build.0 = Debug|Any CPU
		{1134A2E4-C112-46EC-9618-049D70960341}.Release|Any CPU.ActiveCfg = Release|Any CPU
		{1134A2E4-C112-46EC-9618-049D70960341}.Release|Any CPU.Build.0 = Release|Any CPU
		{D7CE4D23-9D31-4D46-A250-2A6FA76E6CEA}.Debug|Any CPU.ActiveCfg = Debug|Any CPU
		{D7CE4D23-9D31-4D46-A250-2A6FA76E6CEA}.Debug|Any CPU.Build.0 = Debug|Any CPU
		{D7CE4D23-9D31-4D46-A250-2A6FA76E6CEA}.Release|Any CPU.ActiveCfg = Release|Any CPU
		{D7CE4D23-9D31-4D46-A250-2A6FA76E6CEA}.Release|Any CPU.Build.0 = Release|Any CPU
		{F4074F53-2BF8-49A5-A537-1AFBB7BA8569}.Debug|Any CPU.ActiveCfg = Debug|Any CPU
		{F4074F53-2BF8-49A5-A537-1AFBB7BA8569}.Debug|Any CPU.Build.0 = Debug|Any CPU
		{F4074F53-2BF8-49A5-A537-1AFBB7BA8569}.Release|Any CPU.ActiveCfg = Release|Any CPU
		{F4074F53-2BF8-49A5-A537-1AFBB7BA8569}.Release|Any CPU.Build.0 = Release|Any CPU
		{9869C64F-344E-4C8C-B651-74972FACC8BD}.Debug|Any CPU.ActiveCfg = Debug|Any CPU
		{9869C64F-344E-4C8C-B651-74972FACC8BD}.Debug|Any CPU.Build.0 = Debug|Any CPU
		{9869C64F-344E-4C8C-B651-74972FACC8BD}.Release|Any CPU.ActiveCfg = Release|Any CPU
		{9869C64F-344E-4C8C-B651-74972FACC8BD}.Release|Any CPU.Build.0 = Release|Any CPU
		{B1EF2806-033C-4FD6-B8D1-72C61CAE370A}.Debug|Any CPU.ActiveCfg = Debug|Any CPU
		{B1EF2806-033C-4FD6-B8D1-72C61CAE370A}.Debug|Any CPU.Build.0 = Debug|Any CPU
		{B1EF2806-033C-4FD6-B8D1-72C61CAE370A}.Release|Any CPU.ActiveCfg = Release|Any CPU
		{B1EF2806-033C-4FD6-B8D1-72C61CAE370A}.Release|Any CPU.Build.0 = Release|Any CPU
	EndGlobalSection
	GlobalSection(SolutionProperties) = preSolution
		HideSolutionNode = FALSE
	EndGlobalSection
	GlobalSection(NestedProjects) = preSolution
		{DA5F5958-EDF9-4654-8E8B-B5763951BABF} = {9732E690-3910-46AC-A481-D1D6533F0D85}
		{F06A236E-E5C1-48E5-89F1-91B40FD8FFF6} = {6184D118-130F-47BC-879A-E46E33C7AF00}
		{DEFFFFE8-DC5B-42F4-BEB0-94920FDA7712} = {444FA1AD-AFDB-44C5-AF64-F29A4D1EDC8B}
		{8EC55CA3-D78D-4112-B651-EDBA549D660E} = {20013A98-F3A6-4810-80B5-939EFACFC075}
		{1134A2E4-C112-46EC-9618-049D70960341} = {20013A98-F3A6-4810-80B5-939EFACFC075}
		{D7CE4D23-9D31-4D46-A250-2A6FA76E6CEA} = {444FA1AD-AFDB-44C5-AF64-F29A4D1EDC8B}
		{F4074F53-2BF8-49A5-A537-1AFBB7BA8569} = {6184D118-130F-47BC-879A-E46E33C7AF00}
		{9869C64F-344E-4C8C-B651-74972FACC8BD} = {9732E690-3910-46AC-A481-D1D6533F0D85}
		{B1EF2806-033C-4FD6-B8D1-72C61CAE370A} = {6184D118-130F-47BC-879A-E46E33C7AF00}
	EndGlobalSection
	GlobalSection(ExtensibilityGlobals) = postSolution
		SolutionGuid = {CEB48A12-B597-4E48-BEFE-8BF63E955C9B}
	EndGlobalSection
EndGlobal
